
Microsoft Visual Studio Solution File, Format Version 12.00
# Visual Studio 15
VisualStudioVersion = 15.0.27004.2005
MinimumVisualStudioVersion = 10.0.40219.1
Project("{FAE04EC0-301F-11D3-BF4B-00C04F79EFBC}") = "proxier-core-net", "src\proxier-core-net.csproj", "{0FB53F0C-444C-497D-8A35-17263545F7E5}"
EndProject
Global
	GlobalSection(SolutionConfigurationPlatforms) = preSolution
		Debug|Any CPU = Debug|Any CPU
		Release|Any CPU = Release|Any CPU
	EndGlobalSection
	GlobalSection(ProjectConfigurationPlatforms) = postSolution
		{0FB53F0C-444C-497D-8A35-17263545F7E5}.Debug|Any CPU.ActiveCfg = Debug|Any CPU
		{0FB53F0C-444C-497D-8A35-17263545F7E5}.Debug|Any CPU.Build.0 = Debug|Any CPU
		{0FB53F0C-444C-497D-8A35-17263545F7E5}.Release|Any CPU.ActiveCfg = Release|Any CPU
		{0FB53F0C-444C-497D-8A35-17263545F7E5}.Release|Any CPU.Build.0 = Release|Any CPU
	EndGlobalSection
	GlobalSection(SolutionProperties) = preSolution
		HideSolutionNode = FALSE
	EndGlobalSection
	GlobalSection(ExtensibilityGlobals) = postSolution
		SolutionGuid = {0FB3D01C-3F17-4274-A902-20D256EB5AE4}
	EndGlobalSection
EndGlobal
